<?xml version="1.0" encoding="UTF-8" standalone="yes" ?>
<CodeBlocks_project_file>
	<FileVersion major="1" minor="6" />
	<Project>
		<Option title="projecto_versao1" />
		<Option pch_mode="2" />
		<Option compiler="gcc" />
		<Build>
			<Target title="Debug">
				<Option output="bin/Debug/projecto_versao1" prefix_auto="1" extension_auto="1" />
				<Option object_output="obj/Debug/" />
				<Option type="1" />
				<Option compiler="gcc" />
				<Compiler>
					<Add option="-g" />
				</Compiler>
			</Target>
			<Target title="Release">
				<Option output="bin/Release/projecto_versao1" prefix_auto="1" extension_auto="1" />
				<Option object_output="obj/Release/" />
				<Option type="1" />
				<Option compiler="gcc" />
				<Compiler>
					<Add option="-O2" />
				</Compiler>
				<Linker>
					<Add option="-s" />
				</Linker>
			</Target>
		</Build>
		<Compiler>
			<Add option="-Wall" />
		</Compiler>
		<Unit filename="clientes.c">
			<Option compilerVar="CC" />
		</Unit>
		<Unit filename="clientes.h" />
		<Unit filename="cria_lista.c">
			<Option compilerVar="CC" />
		</Unit>
		<Unit filename="cria_lista.h" />
		<Unit filename="eliminar_efectuar.c">
			<Option compilerVar="CC" />
		</Unit>
		<Unit filename="eliminar_efectuar.h" />
		<Unit filename="estruturas.h" />
		<Unit filename="ficheiros_escrita.c">
			<Option compilerVar="CC" />
		</Unit>
		<Unit filename="ficheiros_escrita.h" />
		<Unit filename="ficheiros_leitura.c">
			<Option compilerVar="CC" />
		</Unit>
		<Unit filename="ficheiros_leitura.h" />
		<Unit filename="imprimir.c">
			<Option compilerVar="CC" />
		</Unit>
		<Unit filename="imprimir.h" />
		<Unit filename="info.c">
			<Option compilerVar="CC" />
		</Unit>
		<Unit filename="info.h" />
		<Unit filename="inserir_dados.c">
			<Option compilerVar="CC" />
		</Unit>
		<Unit filename="inserir_dados.h" />
		<Unit filename="inserir_marcacoes.c">
			<Option compilerVar="CC" />
		</Unit>
		<Unit filename="inserir_marcacoes.h" />
		<Unit filename="main.c">
			<Option compilerVar="CC" />
		</Unit>
		<Unit filename="menus.c">
			<Option compilerVar="CC" />
		</Unit>
		<Unit filename="menus.h" />
		<Unit filename="sair.c">
			<Option compilerVar="CC" />
		</Unit>
		<Unit filename="sair.h" />
		<Unit filename="separar.c">
			<Option compilerVar="CC" />
		</Unit>
		<Unit filename="separar.h" />
		<Unit filename="verificacoes.c">
			<Option compilerVar="CC" />
		</Unit>
		<Unit filename="verificacoes.h" />
		<Extensions>
			<code_completion />
			<envvars />
			<debugger />
			<lib_finder disable_auto="1" />
		</Extensions>
	</Project>
</CodeBlocks_project_file>
